
Microsoft Visual Studio Solution File, Format Version 12.00
# Visual Studio Version 17
VisualStudioVersion = 17.3.32611.2
MinimumVisualStudioVersion = 10.0.40219.1
Project("{9A19103F-16F7-4668-BE54-9A1E7A4F7556}") = "ShopOnline.Web", "ShopOnline.Web\ShopOnline.Web.csproj", "{3F50FC61-CCDE-47DB-AABB-F4D4EB39FC8F}"
EndProject
Project("{9A19103F-16F7-4668-BE54-9A1E7A4F7556}") = "ShopOnline.Api", "ShopOnline.Api\ShopOnline.Api.csproj", "{631B6EA6-0CF6-43AE-BCB9-6E0652AA0FB5}"
EndProject
Project("{9A19103F-16F7-4668-BE54-9A1E7A4F7556}") = "ShopOnline.Models", "ShopOnline.Models\ShopOnline.Models.csproj", "{CFBC30A5-CF42-47FB-A68B-7A1CDE399FFA}"
EndProject
Global
	GlobalSection(SolutionConfigurationPlatforms) = preSolution
		Debug|Any CPU = Debug|Any CPU
		Release|Any CPU = Release|Any CPU
	EndGlobalSection
	GlobalSection(ProjectConfigurationPlatforms) = postSolution
		{3F50FC61-CCDE-47DB-AABB-F4D4EB39FC8F}.Debug|Any CPU.ActiveCfg = Debug|Any CPU
		{3F50FC61-CCDE-47DB-AABB-F4D4EB39FC8F}.Debug|Any CPU.Build.0 = Debug|Any CPU
		{3F50FC61-CCDE-47DB-AABB-F4D4EB39FC8F}.Release|Any CPU.ActiveCfg = Release|Any CPU
		{3F50FC61-CCDE-47DB-AABB-F4D4EB39FC8F}.Release|Any CPU.Build.0 = Release|Any CPU
		{631B6EA6-0CF6-43AE-BCB9-6E0652AA0FB5}.Debug|Any CPU.ActiveCfg = Debug|Any CPU
		{631B6EA6-0CF6-43AE-BCB9-6E0652AA0FB5}.Debug|Any CPU.Build.0 = Debug|Any CPU
		{631B6EA6-0CF6-43AE-BCB9-6E0652AA0FB5}.Release|Any CPU.ActiveCfg = Release|Any CPU
		{631B6EA6-0CF6-43AE-BCB9-6E0652AA0FB5}.Release|Any CPU.Build.0 = Release|Any CPU
		{CFBC30A5-CF42-47FB-A68B-7A1CDE399FFA}.Debug|Any CPU.ActiveCfg = Debug|Any CPU
		{CFBC30A5-CF42-47FB-A68B-7A1CDE399FFA}.Debug|Any CPU.Build.0 = Debug|Any CPU
		{CFBC30A5-CF42-47FB-A68B-7A1CDE399FFA}.Release|Any CPU.ActiveCfg = Release|Any CPU
		{CFBC30A5-CF42-47FB-A68B-7A1CDE399FFA}.Release|Any CPU.Build.0 = Release|Any CPU
	EndGlobalSection
	GlobalSection(SolutionProperties) = preSolution
		HideSolutionNode = FALSE
	EndGlobalSection
	GlobalSection(ExtensibilityGlobals) = postSolution
		SolutionGuid = {574E98A4-4566-4BB9-B951-6479607FE111}
	EndGlobalSection
EndGlobal
